// !$*UTF8*$!
{
	archiveVersion = 1;
	classes = {
	};
	objectVersion = 46;
	objects = {

/* Begin PBXBuildFile section */
		C431CE941C825A62008F7CB7 /* ThirdViewController.swift in Sources */ = {isa = PBXBuildFile; fileRef = C431CE931C825A62008F7CB7 /* ThirdViewController.swift */; };
		C44DC6D41C82687000B94053 /* LoginViewController.swift in Sources */ = {isa = PBXBuildFile; fileRef = C44DC6D31C82687000B94053 /* LoginViewController.swift */; };
		C452F36D1C861ADD006EF0C9 /* FourthViewController.swift in Sources */ = {isa = PBXBuildFile; fileRef = C452F36C1C861ADD006EF0C9 /* FourthViewController.swift */; };
		C452F36F1C86299B006EF0C9 /* SignUpViewController.swift in Sources */ = {isa = PBXBuildFile; fileRef = C452F36E1C86299B006EF0C9 /* SignUpViewController.swift */; };
		C452F3721C8634DD006EF0C9 /* LoginRegister.swift in Sources */ = {isa = PBXBuildFile; fileRef = C452F3711C8634DD006EF0C9 /* LoginRegister.swift */; };
		C452F3761C8656E2006EF0C9 /* InterestsViewController.swift in Sources */ = {isa = PBXBuildFile; fileRef = C452F3751C8656E1006EF0C9 /* InterestsViewController.swift */; };
		C46787B21CA8685900B69BC2 /* User.swift in Sources */ = {isa = PBXBuildFile; fileRef = C46787B11CA8685900B69BC2 /* User.swift */; };
		C46787B41CA86B1600B69BC2 /* APIManager.swift in Sources */ = {isa = PBXBuildFile; fileRef = C46787B31CA86B1600B69BC2 /* APIManager.swift */; };
		C46787B71CA87A7000B69BC2 /* FithViewController.swift in Sources */ = {isa = PBXBuildFile; fileRef = C46787B61CA87A7000B69BC2 /* FithViewController.swift */; };
		C46787B91CA884CD00B69BC2 /* DataModel.swift in Sources */ = {isa = PBXBuildFile; fileRef = C46787B81CA884CD00B69BC2 /* DataModel.swift */; };
		C4A90A191C8230F500D2C9C0 /* AppDelegate.swift in Sources */ = {isa = PBXBuildFile; fileRef = C4A90A181C8230F500D2C9C0 /* AppDelegate.swift */; };
		C4A90A1B1C8230F500D2C9C0 /* FirstViewController.swift in Sources */ = {isa = PBXBuildFile; fileRef = C4A90A1A1C8230F500D2C9C0 /* FirstViewController.swift */; };
		C4A90A1D1C8230F500D2C9C0 /* SecondViewController.swift in Sources */ = {isa = PBXBuildFile; fileRef = C4A90A1C1C8230F500D2C9C0 /* SecondViewController.swift */; };
		C4A90A201C8230F500D2C9C0 /* Main.storyboard in Resources */ = {isa = PBXBuildFile; fileRef = C4A90A1E1C8230F500D2C9C0 /* Main.storyboard */; };
		C4A90A221C8230F500D2C9C0 /* Assets.xcassets in Resources */ = {isa = PBXBuildFile; fileRef = C4A90A211C8230F500D2C9C0 /* Assets.xcassets */; };
		C4A90A251C8230F500D2C9C0 /* LaunchScreen.storyboard in Resources */ = {isa = PBXBuildFile; fileRef = C4A90A231C8230F500D2C9C0 /* LaunchScreen.storyboard */; };
		C4A90A301C8230F500D2C9C0 /* BuddifyTests.swift in Sources */ = {isa = PBXBuildFile; fileRef = C4A90A2F1C8230F500D2C9C0 /* BuddifyTests.swift */; };
		C4A90A3B1C8230F500D2C9C0 /* BuddifyUITests.swift in Sources */ = {isa = PBXBuildFile; fileRef = C4A90A3A1C8230F500D2C9C0 /* BuddifyUITests.swift */; };
		C4CCEC971C96161B00529A09 /* RecommendationViewController.swift in Sources */ = {isa = PBXBuildFile; fileRef = C4CCEC961C96161B00529A09 /* RecommendationViewController.swift */; };
		C4CCEC9E1C9705D200529A09 /* UpcomingMeetingsCell.swift in Sources */ = {isa = PBXBuildFile; fileRef = C4CCEC9D1C9705D200529A09 /* UpcomingMeetingsCell.swift */; };
		C4CCECA01C9717CB00529A09 /* BuddyRequestsCell.swift in Sources */ = {isa = PBXBuildFile; fileRef = C4CCEC9F1C9717CB00529A09 /* BuddyRequestsCell.swift */; };
		C4CCECAC1C97839C00529A09 /* UICustomizer.swift in Sources */ = {isa = PBXBuildFile; fileRef = C4CCECAB1C97839C00529A09 /* UICustomizer.swift */; };
		C4F9E27B1C874CE700B55F24 /* BuddifyViewController.swift in Sources */ = {isa = PBXBuildFile; fileRef = C4F9E27A1C874CE700B55F24 /* BuddifyViewController.swift */; };
		C4F9E28C1C88D8CE00B55F24 /* FBSDKCoreKit.framework in Frameworks */ = {isa = PBXBuildFile; fileRef = C4F9E28B1C88D8CE00B55F24 /* FBSDKCoreKit.framework */; };
		C4F9E28E1C88D8E300B55F24 /* FBSDKLoginKit.framework in Frameworks */ = {isa = PBXBuildFile; fileRef = C4F9E28D1C88D8E300B55F24 /* FBSDKLoginKit.framework */; };
		C4F9E2901C88D8F500B55F24 /* FBSDKShareKit.framework in Frameworks */ = {isa = PBXBuildFile; fileRef = C4F9E28F1C88D8F500B55F24 /* FBSDKShareKit.framework */; };
		C4F9E2921C88E95700B55F24 /* Default-568h@2x.png in Resources */ = {isa = PBXBuildFile; fileRef = C4F9E2911C88E95700B55F24 /* Default-568h@2x.png */; };
/* End PBXBuildFile section */

/* Begin PBXContainerItemProxy section */
		C4A90A2C1C8230F500D2C9C0 /* PBXContainerItemProxy */ = {
			isa = PBXContainerItemProxy;
			containerPortal = C4A90A0D1C8230F400D2C9C0 /* Project object */;
			proxyType = 1;
			remoteGlobalIDString = C4A90A141C8230F400D2C9C0;
			remoteInfo = Buddify;
		};
		C4A90A371C8230F500D2C9C0 /* PBXContainerItemProxy */ = {
			isa = PBXContainerItemProxy;
			containerPortal = C4A90A0D1C8230F400D2C9C0 /* Project object */;
			proxyType = 1;
			remoteGlobalIDString = C4A90A141C8230F400D2C9C0;
			remoteInfo = Buddify;
		};
/* End PBXContainerItemProxy section */

/* Begin PBXFileReference section */
		C431CE931C825A62008F7CB7 /* ThirdViewController.swift */ = {isa = PBXFileReference; fileEncoding = 4; lastKnownFileType = sourcecode.swift; path = ThirdViewController.swift; sourceTree = "<group>"; };
		C44DC6D31C82687000B94053 /* LoginViewController.swift */ = {isa = PBXFileReference; fileEncoding = 4; lastKnownFileType = sourcecode.swift; path = LoginViewController.swift; sourceTree = "<group>"; };
		C452F36C1C861ADD006EF0C9 /* FourthViewController.swift */ = {isa = PBXFileReference; fileEncoding = 4; lastKnownFileType = sourcecode.swift; path = FourthViewController.swift; sourceTree = "<group>"; };
		C452F36E1C86299B006EF0C9 /* SignUpViewController.swift */ = {isa = PBXFileReference; fileEncoding = 4; lastKnownFileType = sourcecode.swift; path = SignUpViewController.swift; sourceTree = "<group>"; };
		C452F3711C8634DD006EF0C9 /* LoginRegister.swift */ = {isa = PBXFileReference; fileEncoding = 4; lastKnownFileType = sourcecode.swift; path = LoginRegister.swift; sourceTree = "<group>"; };
		C452F3751C8656E1006EF0C9 /* InterestsViewController.swift */ = {isa = PBXFileReference; fileEncoding = 4; lastKnownFileType = sourcecode.swift; path = InterestsViewController.swift; sourceTree = "<group>"; };
		C46787B11CA8685900B69BC2 /* User.swift */ = {isa = PBXFileReference; fileEncoding = 4; lastKnownFileType = sourcecode.swift; path = User.swift; sourceTree = "<group>"; };
		C46787B31CA86B1600B69BC2 /* APIManager.swift */ = {isa = PBXFileReference; fileEncoding = 4; lastKnownFileType = sourcecode.swift; path = APIManager.swift; sourceTree = "<group>"; };
		C46787B61CA87A7000B69BC2 /* FithViewController.swift */ = {isa = PBXFileReference; fileEncoding = 4; lastKnownFileType = sourcecode.swift; path = FithViewController.swift; sourceTree = "<group>"; };
		C46787B81CA884CD00B69BC2 /* DataModel.swift */ = {isa = PBXFileReference; fileEncoding = 4; lastKnownFileType = sourcecode.swift; path = DataModel.swift; sourceTree = "<group>"; };
		C4A90A151C8230F400D2C9C0 /* Buddify.app */ = {isa = PBXFileReference; explicitFileType = wrapper.application; includeInIndex = 0; path = Buddify.app; sourceTree = BUILT_PRODUCTS_DIR; };
		C4A90A181C8230F500D2C9C0 /* AppDelegate.swift */ = {isa = PBXFileReference; lastKnownFileType = sourcecode.swift; path = AppDelegate.swift; sourceTree = "<group>"; };
		C4A90A1A1C8230F500D2C9C0 /* FirstViewController.swift */ = {isa = PBXFileReference; lastKnownFileType = sourcecode.swift; path = FirstViewController.swift; sourceTree = "<group>"; };
		C4A90A1C1C8230F500D2C9C0 /* SecondViewController.swift */ = {isa = PBXFileReference; lastKnownFileType = sourcecode.swift; path = SecondViewController.swift; sourceTree = "<group>"; };
		C4A90A1F1C8230F500D2C9C0 /* Base */ = {isa = PBXFileReference; lastKnownFileType = file.storyboard; name = Base; path = Base.lproj/Main.storyboard; sourceTree = "<group>"; };
		C4A90A211C8230F500D2C9C0 /* Assets.xcassets */ = {isa = PBXFileReference; lastKnownFileType = folder.assetcatalog; path = Assets.xcassets; sourceTree = "<group>"; };
		C4A90A241C8230F500D2C9C0 /* Base */ = {isa = PBXFileReference; lastKnownFileType = file.storyboard; name = Base; path = Base.lproj/LaunchScreen.storyboard; sourceTree = "<group>"; };
		C4A90A261C8230F500D2C9C0 /* Info.plist */ = {isa = PBXFileReference; lastKnownFileType = text.plist.xml; path = Info.plist; sourceTree = "<group>"; };
		C4A90A2B1C8230F500D2C9C0 /* BuddifyTests.xctest */ = {isa = PBXFileReference; explicitFileType = wrapper.cfbundle; includeInIndex = 0; path = BuddifyTests.xctest; sourceTree = BUILT_PRODUCTS_DIR; };
		C4A90A2F1C8230F500D2C9C0 /* BuddifyTests.swift */ = {isa = PBXFileReference; lastKnownFileType = sourcecode.swift; path = BuddifyTests.swift; sourceTree = "<group>"; };
		C4A90A311C8230F500D2C9C0 /* Info.plist */ = {isa = PBXFileReference; lastKnownFileType = text.plist.xml; path = Info.plist; sourceTree = "<group>"; };
		C4A90A361C8230F500D2C9C0 /* BuddifyUITests.xctest */ = {isa = PBXFileReference; explicitFileType = wrapper.cfbundle; includeInIndex = 0; path = BuddifyUITests.xctest; sourceTree = BUILT_PRODUCTS_DIR; };
		C4A90A3A1C8230F500D2C9C0 /* BuddifyUITests.swift */ = {isa = PBXFileReference; lastKnownFileType = sourcecode.swift; path = BuddifyUITests.swift; sourceTree = "<group>"; };
		C4A90A3C1C8230F500D2C9C0 /* Info.plist */ = {isa = PBXFileReference; lastKnownFileType = text.plist.xml; path = Info.plist; sourceTree = "<group>"; };
		C4CCEC961C96161B00529A09 /* RecommendationViewController.swift */ = {isa = PBXFileReference; fileEncoding = 4; lastKnownFileType = sourcecode.swift; path = RecommendationViewController.swift; sourceTree = "<group>"; };
		C4CCEC9D1C9705D200529A09 /* UpcomingMeetingsCell.swift */ = {isa = PBXFileReference; fileEncoding = 4; lastKnownFileType = sourcecode.swift; path = UpcomingMeetingsCell.swift; sourceTree = "<group>"; };
		C4CCEC9F1C9717CB00529A09 /* BuddyRequestsCell.swift */ = {isa = PBXFileReference; fileEncoding = 4; lastKnownFileType = sourcecode.swift; path = BuddyRequestsCell.swift; sourceTree = "<group>"; };
		C4CCECAB1C97839C00529A09 /* UICustomizer.swift */ = {isa = PBXFileReference; fileEncoding = 4; lastKnownFileType = sourcecode.swift; path = UICustomizer.swift; sourceTree = "<group>"; };
		C4F9E27A1C874CE700B55F24 /* BuddifyViewController.swift */ = {isa = PBXFileReference; fileEncoding = 4; lastKnownFileType = sourcecode.swift; path = BuddifyViewController.swift; sourceTree = "<group>"; };
		C4F9E28B1C88D8CE00B55F24 /* FBSDKCoreKit.framework */ = {isa = PBXFileReference; lastKnownFileType = wrapper.framework; path = FBSDKCoreKit.framework; sourceTree = "<group>"; };
		C4F9E28D1C88D8E300B55F24 /* FBSDKLoginKit.framework */ = {isa = PBXFileReference; lastKnownFileType = wrapper.framework; path = FBSDKLoginKit.framework; sourceTree = "<group>"; };
		C4F9E28F1C88D8F500B55F24 /* FBSDKShareKit.framework */ = {isa = PBXFileReference; lastKnownFileType = wrapper.framework; path = FBSDKShareKit.framework; sourceTree = "<group>"; };
		C4F9E2911C88E95700B55F24 /* Default-568h@2x.png */ = {isa = PBXFileReference; lastKnownFileType = image.png; path = "Default-568h@2x.png"; sourceTree = "<group>"; };
/* End PBXFileReference section */

/* Begin PBXFrameworksBuildPhase section */
		C4A90A121C8230F400D2C9C0 /* Frameworks */ = {
			isa = PBXFrameworksBuildPhase;
			buildActionMask = 2147483647;
			files = (
				C4F9E28E1C88D8E300B55F24 /* FBSDKLoginKit.framework in Frameworks */,
				C4F9E28C1C88D8CE00B55F24 /* FBSDKCoreKit.framework in Frameworks */,
				C4F9E2901C88D8F500B55F24 /* FBSDKShareKit.framework in Frameworks */,
			);
			runOnlyForDeploymentPostprocessing = 0;
		};
		C4A90A281C8230F500D2C9C0 /* Frameworks */ = {
			isa = PBXFrameworksBuildPhase;
			buildActionMask = 2147483647;
			files = (
			);
			runOnlyForDeploymentPostprocessing = 0;
		};
		C4A90A331C8230F500D2C9C0 /* Frameworks */ = {
			isa = PBXFrameworksBuildPhase;
			buildActionMask = 2147483647;
			files = (
			);
			runOnlyForDeploymentPostprocessing = 0;
		};
/* End PBXFrameworksBuildPhase section */

/* Begin PBXGroup section */
		C452F3701C86349D006EF0C9 /* API */ = {
			isa = PBXGroup;
			children = (
				C46787B31CA86B1600B69BC2 /* APIManager.swift */,
			);
			name = API;
			sourceTree = "<group>";
		};
		C46787AF1CA866B800B69BC2 /* Views */ = {
			isa = PBXGroup;
			children = (
				C44DC6D31C82687000B94053 /* LoginViewController.swift */,
				C452F36E1C86299B006EF0C9 /* SignUpViewController.swift */,
				C452F3751C8656E1006EF0C9 /* InterestsViewController.swift */,
				C4A90A1A1C8230F500D2C9C0 /* FirstViewController.swift */,
				C4A90A1C1C8230F500D2C9C0 /* SecondViewController.swift */,
				C431CE931C825A62008F7CB7 /* ThirdViewController.swift */,
				C452F36C1C861ADD006EF0C9 /* FourthViewController.swift */,
				C46787B61CA87A7000B69BC2 /* FithViewController.swift */,
				C4F9E27A1C874CE700B55F24 /* BuddifyViewController.swift */,
				C4CCEC961C96161B00529A09 /* RecommendationViewController.swift */,
			);
			name = Views;
			sourceTree = "<group>";
		};
		C46787B01CA867C700B69BC2 /* Classes */ = {
			isa = PBXGroup;
			children = (
				C46787B11CA8685900B69BC2 /* User.swift */,
			);
			name = Classes;
			sourceTree = "<group>";
		};
		C46787B51CA86FAE00B69BC2 /* Protocols */ = {
			isa = PBXGroup;
			children = (
				C452F3711C8634DD006EF0C9 /* LoginRegister.swift */,
			);
			name = Protocols;
			sourceTree = "<group>";
		};
		C4A90A0C1C8230F400D2C9C0 = {
			isa = PBXGroup;
			children = (
				C4F9E2931C88EB6100B55F24 /* Default */,
				C4A90A171C8230F500D2C9C0 /* Buddify */,
				C4A90A2E1C8230F500D2C9C0 /* BuddifyTests */,
				C4A90A391C8230F500D2C9C0 /* BuddifyUITests */,
				C4A90A161C8230F400D2C9C0 /* Products */,
			);
			sourceTree = "<group>";
			usesTabs = 0;
		};
		C4A90A161C8230F400D2C9C0 /* Products */ = {
			isa = PBXGroup;
			children = (
				C4A90A151C8230F400D2C9C0 /* Buddify.app */,
				C4A90A2B1C8230F500D2C9C0 /* BuddifyTests.xctest */,
				C4A90A361C8230F500D2C9C0 /* BuddifyUITests.xctest */,
			);
			name = Products;
			sourceTree = "<group>";
		};
		C4A90A171C8230F500D2C9C0 /* Buddify */ = {
			isa = PBXGroup;
			children = (
				C4A90A181C8230F500D2C9C0 /* AppDelegate.swift */,
				C46787B81CA884CD00B69BC2 /* DataModel.swift */,
				C4A90A231C8230F500D2C9C0 /* LaunchScreen.storyboard */,
				C4A90A1E1C8230F500D2C9C0 /* Main.storyboard */,
				C4A90A211C8230F500D2C9C0 /* Assets.xcassets */,
				C4A90A261C8230F500D2C9C0 /* Info.plist */,
				C4F9E28A1C88D85F00B55F24 /* Frameworks */,
				C46787AF1CA866B800B69BC2 /* Views */,
				C4CCEC9C1C9705A000529A09 /* Cells */,
				C46787B01CA867C700B69BC2 /* Classes */,
				C46787B51CA86FAE00B69BC2 /* Protocols */,
				C4CCECAA1C97837900529A09 /* Functions */,
				C452F3701C86349D006EF0C9 /* API */,
			);
			path = Buddify;
			sourceTree = "<group>";
		};
		C4A90A2E1C8230F500D2C9C0 /* BuddifyTests */ = {
			isa = PBXGroup;
			children = (
				C4A90A2F1C8230F500D2C9C0 /* BuddifyTests.swift */,
				C4A90A311C8230F500D2C9C0 /* Info.plist */,
			);
			path = BuddifyTests;
			sourceTree = "<group>";
		};
		C4A90A391C8230F500D2C9C0 /* BuddifyUITests */ = {
			isa = PBXGroup;
			children = (
				C4A90A3A1C8230F500D2C9C0 /* BuddifyUITests.swift */,
				C4A90A3C1C8230F500D2C9C0 /* Info.plist */,
			);
			path = BuddifyUITests;
			sourceTree = "<group>";
		};
		C4CCEC9C1C9705A000529A09 /* Cells */ = {
			isa = PBXGroup;
			children = (
				C4CCEC9D1C9705D200529A09 /* UpcomingMeetingsCell.swift */,
				C4CCEC9F1C9717CB00529A09 /* BuddyRequestsCell.swift */,
			);
			name = Cells;
			sourceTree = "<group>";
		};
		C4CCECAA1C97837900529A09 /* Functions */ = {
			isa = PBXGroup;
			children = (
				C4CCECAB1C97839C00529A09 /* UICustomizer.swift */,
			);
			name = Functions;
			sourceTree = "<group>";
		};
		C4F9E28A1C88D85F00B55F24 /* Frameworks */ = {
			isa = PBXGroup;
			children = (
				C4F9E28F1C88D8F500B55F24 /* FBSDKShareKit.framework */,
				C4F9E28D1C88D8E300B55F24 /* FBSDKLoginKit.framework */,
				C4F9E28B1C88D8CE00B55F24 /* FBSDKCoreKit.framework */,
			);
			name = Frameworks;
			sourceTree = "<group>";
		};
		C4F9E2931C88EB6100B55F24 /* Default */ = {
			isa = PBXGroup;
			children = (
				C4F9E2911C88E95700B55F24 /* Default-568h@2x.png */,
			);
			name = Default;
			sourceTree = "<group>";
		};
/* End PBXGroup section */

/* Begin PBXNativeTarget section */
		C4A90A141C8230F400D2C9C0 /* Buddify */ = {
			isa = PBXNativeTarget;
			buildConfigurationList = C4A90A3F1C8230F500D2C9C0 /* Build configuration list for PBXNativeTarget "Buddify" */;
			buildPhases = (
				C4A90A111C8230F400D2C9C0 /* Sources */,
				C4A90A121C8230F400D2C9C0 /* Frameworks */,
				C4A90A131C8230F400D2C9C0 /* Resources */,
			);
			buildRules = (
			);
			dependencies = (
			);
			name = Buddify;
			productName = Buddify;
			productReference = C4A90A151C8230F400D2C9C0 /* Buddify.app */;
			productType = "com.apple.product-type.application";
		};
		C4A90A2A1C8230F500D2C9C0 /* BuddifyTests */ = {
			isa = PBXNativeTarget;
			buildConfigurationList = C4A90A421C8230F500D2C9C0 /* Build configuration list for PBXNativeTarget "BuddifyTests" */;
			buildPhases = (
				C4A90A271C8230F500D2C9C0 /* Sources */,
				C4A90A281C8230F500D2C9C0 /* Frameworks */,
				C4A90A291C8230F500D2C9C0 /* Resources */,
			);
			buildRules = (
			);
			dependencies = (
				C4A90A2D1C8230F500D2C9C0 /* PBXTargetDependency */,
			);
			name = BuddifyTests;
			productName = BuddifyTests;
			productReference = C4A90A2B1C8230F500D2C9C0 /* BuddifyTests.xctest */;
			productType = "com.apple.product-type.bundle.unit-test";
		};
		C4A90A351C8230F500D2C9C0 /* BuddifyUITests */ = {
			isa = PBXNativeTarget;
			buildConfigurationList = C4A90A451C8230F500D2C9C0 /* Build configuration list for PBXNativeTarget "BuddifyUITests" */;
			buildPhases = (
				C4A90A321C8230F500D2C9C0 /* Sources */,
				C4A90A331C8230F500D2C9C0 /* Frameworks */,
				C4A90A341C8230F500D2C9C0 /* Resources */,
			);
			buildRules = (
			);
			dependencies = (
				C4A90A381C8230F500D2C9C0 /* PBXTargetDependency */,
			);
			name = BuddifyUITests;
			productName = BuddifyUITests;
			productReference = C4A90A361C8230F500D2C9C0 /* BuddifyUITests.xctest */;
			productType = "com.apple.product-type.bundle.ui-testing";
		};
/* End PBXNativeTarget section */

/* Begin PBXProject section */
		C4A90A0D1C8230F400D2C9C0 /* Project object */ = {
			isa = PBXProject;
			attributes = {
				LastSwiftUpdateCheck = 0720;
				LastUpgradeCheck = 0720;
				ORGANIZATIONNAME = "Christoph Rehbichler";
				TargetAttributes = {
					C4A90A141C8230F400D2C9C0 = {
						CreatedOnToolsVersion = 7.2.1;
						DevelopmentTeam = 97EEZK63HT;
					};
					C4A90A2A1C8230F500D2C9C0 = {
						CreatedOnToolsVersion = 7.2.1;
						TestTargetID = C4A90A141C8230F400D2C9C0;
					};
					C4A90A351C8230F500D2C9C0 = {
						CreatedOnToolsVersion = 7.2.1;
						TestTargetID = C4A90A141C8230F400D2C9C0;
					};
				};
			};
			buildConfigurationList = C4A90A101C8230F400D2C9C0 /* Build configuration list for PBXProject "Buddify" */;
			compatibilityVersion = "Xcode 3.2";
			developmentRegion = English;
			hasScannedForEncodings = 0;
			knownRegions = (
				en,
				Base,
			);
			mainGroup = C4A90A0C1C8230F400D2C9C0;
			productRefGroup = C4A90A161C8230F400D2C9C0 /* Products */;
			projectDirPath = "";
			projectRoot = "";
			targets = (
				C4A90A141C8230F400D2C9C0 /* Buddify */,
				C4A90A2A1C8230F500D2C9C0 /* BuddifyTests */,
				C4A90A351C8230F500D2C9C0 /* BuddifyUITests */,
			);
		};
/* End PBXProject section */

/* Begin PBXResourcesBuildPhase section */
		C4A90A131C8230F400D2C9C0 /* Resources */ = {
			isa = PBXResourcesBuildPhase;
			buildActionMask = 2147483647;
			files = (
				C4A90A251C8230F500D2C9C0 /* LaunchScreen.storyboard in Resources */,
				C4F9E2921C88E95700B55F24 /* Default-568h@2x.png in Resources */,
				C4A90A221C8230F500D2C9C0 /* Assets.xcassets in Resources */,
				C4A90A201C8230F500D2C9C0 /* Main.storyboard in Resources */,
			);
			runOnlyForDeploymentPostprocessing = 0;
		};
		C4A90A291C8230F500D2C9C0 /* Resources */ = {
			isa = PBXResourcesBuildPhase;
			buildActionMask = 2147483647;
			files = (
			);
			runOnlyForDeploymentPostprocessing = 0;
		};
		C4A90A341C8230F500D2C9C0 /* Resources */ = {
			isa = PBXResourcesBuildPhase;
			buildActionMask = 2147483647;
			files = (
			);
			runOnlyForDeploymentPostprocessing = 0;
		};
/* End PBXResourcesBuildPhase section */

/* Begin PBXSourcesBuildPhase section */
		C4A90A111C8230F400D2C9C0 /* Sources */ = {
			isa = PBXSourcesBuildPhase;
			buildActionMask = 2147483647;
			files = (
				C46787B41CA86B1600B69BC2 /* APIManager.swift in Sources */,
				C4CCECAC1C97839C00529A09 /* UICustomizer.swift in Sources */,
				C4F9E27B1C874CE700B55F24 /* BuddifyViewController.swift in Sources */,
				C46787B71CA87A7000B69BC2 /* FithViewController.swift in Sources */,
				C452F36D1C861ADD006EF0C9 /* FourthViewController.swift in Sources */,
				C452F36F1C86299B006EF0C9 /* SignUpViewController.swift in Sources */,
				C4CCEC9E1C9705D200529A09 /* UpcomingMeetingsCell.swift in Sources */,
				C4A90A1D1C8230F500D2C9C0 /* SecondViewController.swift in Sources */,
				C4A90A191C8230F500D2C9C0 /* AppDelegate.swift in Sources */,
				C4CCEC971C96161B00529A09 /* RecommendationViewController.swift in Sources */,
				C46787B21CA8685900B69BC2 /* User.swift in Sources */,
				C452F3761C8656E2006EF0C9 /* InterestsViewController.swift in Sources */,
				C452F3721C8634DD006EF0C9 /* LoginRegister.swift in Sources */,
				C4CCECA01C9717CB00529A09 /* BuddyRequestsCell.swift in Sources */,
				C431CE941C825A62008F7CB7 /* ThirdViewController.swift in Sources */,
				C44DC6D41C82687000B94053 /* LoginViewController.swift in Sources */,
				C4A90A1B1C8230F500D2C9C0 /* FirstViewController.swift in Sources */,
				C46787B91CA884CD00B69BC2 /* DataModel.swift in Sources */,
			);
			runOnlyForDeploymentPostprocessing = 0;
		};
		C4A90A271C8230F500D2C9C0 /* Sources */ = {
			isa = PBXSourcesBuildPhase;
			buildActionMask = 2147483647;
			files = (
				C4A90A301C8230F500D2C9C0 /* BuddifyTests.swift in Sources */,
			);
			runOnlyForDeploymentPostprocessing = 0;
		};
		C4A90A321C8230F500D2C9C0 /* Sources */ = {
			isa = PBXSourcesBuildPhase;
			buildActionMask = 2147483647;
			files = (
				C4A90A3B1C8230F500D2C9C0 /* BuddifyUITests.swift in Sources */,
			);
			runOnlyForDeploymentPostprocessing = 0;
		};
/* End PBXSourcesBuildPhase section */

/* Begin PBXTargetDependency section */
		C4A90A2D1C8230F500D2C9C0 /* PBXTargetDependency */ = {
			isa = PBXTargetDependency;
			target = C4A90A141C8230F400D2C9C0 /* Buddify */;
			targetProxy = C4A90A2C1C8230F500D2C9C0 /* PBXContainerItemProxy */;
		};
		C4A90A381C8230F500D2C9C0 /* PBXTargetDependency */ = {
			isa = PBXTargetDependency;
			target = C4A90A141C8230F400D2C9C0 /* Buddify */;
			targetProxy = C4A90A371C8230F500D2C9C0 /* PBXContainerItemProxy */;
		};
/* End PBXTargetDependency section */

/* Begin PBXVariantGroup section */
		C4A90A1E1C8230F500D2C9C0 /* Main.storyboard */ = {
			isa = PBXVariantGroup;
			children = (
				C4A90A1F1C8230F500D2C9C0 /* Base */,
			);
			name = Main.storyboard;
			sourceTree = "<group>";
		};
		C4A90A231C8230F500D2C9C0 /* LaunchScreen.storyboard */ = {
			isa = PBXVariantGroup;
			children = (
				C4A90A241C8230F500D2C9C0 /* Base */,
			);
			name = LaunchScreen.storyboard;
			sourceTree = "<group>";
		};
/* End PBXVariantGroup section */

/* Begin XCBuildConfiguration section */
		C4A90A3D1C8230F500D2C9C0 /* Debug */ = {
			isa = XCBuildConfiguration;
			buildSettings = {
				ALWAYS_SEARCH_USER_PATHS = NO;
				CLANG_CXX_LANGUAGE_STANDARD = "gnu++0x";
				CLANG_CXX_LIBRARY = "libc++";
				CLANG_ENABLE_MODULES = YES;
				CLANG_ENABLE_OBJC_ARC = YES;
				CLANG_WARN_BOOL_CONVERSION = YES;
				CLANG_WARN_CONSTANT_CONVERSION = YES;
				CLANG_WARN_DIRECT_OBJC_ISA_USAGE = YES_ERROR;
				CLANG_WARN_EMPTY_BODY = YES;
				CLANG_WARN_ENUM_CONVERSION = YES;
				CLANG_WARN_INT_CONVERSION = YES;
				CLANG_WARN_OBJC_ROOT_CLASS = YES_ERROR;
				CLANG_WARN_UNREACHABLE_CODE = YES;
				CLANG_WARN__DUPLICATE_METHOD_MATCH = YES;
				"CODE_SIGN_IDENTITY[sdk=iphoneos*]" = "iPhone Developer";
				COPY_PHASE_STRIP = NO;
				DEBUG_INFORMATION_FORMAT = dwarf;
				ENABLE_STRICT_OBJC_MSGSEND = YES;
				ENABLE_TESTABILITY = YES;
				GCC_C_LANGUAGE_STANDARD = gnu99;
				GCC_DYNAMIC_NO_PIC = NO;
				GCC_NO_COMMON_BLOCKS = YES;
				GCC_OPTIMIZATION_LEVEL = 0;
				GCC_PREPROCESSOR_DEFINITIONS = (
					"DEBUG=1",
					"$(inherited)",
				);
				GCC_WARN_64_TO_32_BIT_CONVERSION = YES;
				GCC_WARN_ABOUT_RETURN_TYPE = YES_ERROR;
				GCC_WARN_UNDECLARED_SELECTOR = YES;
				GCC_WARN_UNINITIALIZED_AUTOS = YES_AGGRESSIVE;
				GCC_WARN_UNUSED_FUNCTION = YES;
				GCC_WARN_UNUSED_VARIABLE = YES;
				IPHONEOS_DEPLOYMENT_TARGET = 9.2;
				MTL_ENABLE_DEBUG_INFO = YES;
				ONLY_ACTIVE_ARCH = YES;
				SDKROOT = iphoneos;
				SWIFT_OPTIMIZATION_LEVEL = "-Onone";
			};
			name = Debug;
		};
		C4A90A3E1C8230F500D2C9C0 /* Release */ = {
			isa = XCBuildConfiguration;
			buildSettings = {
				ALWAYS_SEARCH_USER_PATHS = NO;
				CLANG_CXX_LANGUAGE_STANDARD = "gnu++0x";
				CLANG_CXX_LIBRARY = "libc++";
				CLANG_ENABLE_MODULES = YES;
				CLANG_ENABLE_OBJC_ARC = YES;
				CLANG_WARN_BOOL_CONVERSION = YES;
				CLANG_WARN_CONSTANT_CONVERSION = YES;
				CLANG_WARN_DIRECT_OBJC_ISA_USAGE = YES_ERROR;
				CLANG_WARN_EMPTY_BODY = YES;
				CLANG_WARN_ENUM_CONVERSION = YES;
				CLANG_WARN_INT_CONVERSION = YES;
				CLANG_WARN_OBJC_ROOT_CLASS = YES_ERROR;
				CLANG_WARN_UNREACHABLE_CODE = YES;
				CLANG_WARN__DUPLICATE_METHOD_MATCH = YES;
				"CODE_SIGN_IDENTITY[sdk=iphoneos*]" = "iPhone Developer";
				COPY_PHASE_STRIP = NO;
				DEBUG_INFORMATION_FORMAT = "dwarf-with-dsym";
				ENABLE_NS_ASSERTIONS = NO;
				ENABLE_STRICT_OBJC_MSGSEND = YES;
				GCC_C_LANGUAGE_STANDARD = gnu99;
				GCC_NO_COMMON_BLOCKS = YES;
				GCC_WARN_64_TO_32_BIT_CONVERSION = YES;
				GCC_WARN_ABOUT_RETURN_TYPE = YES_ERROR;
				GCC_WARN_UNDECLARED_SELECTOR = YES;
				GCC_WARN_UNINITIALIZED_AUTOS = YES_AGGRESSIVE;
				GCC_WARN_UNUSED_FUNCTION = YES;
				GCC_WARN_UNUSED_VARIABLE = YES;
				IPHONEOS_DEPLOYMENT_TARGET = 9.2;
				MTL_ENABLE_DEBUG_INFO = NO;
				SDKROOT = iphoneos;
				VALIDATE_PRODUCT = YES;
			};
			name = Release;
		};
		C4A90A401C8230F500D2C9C0 /* Debug */ = {
			isa = XCBuildConfiguration;
			buildSettings = {
				ASSETCATALOG_COMPILER_APPICON_NAME = AppIcon;
				CODE_SIGN_IDENTITY = "iPhone Developer";
				"CODE_SIGN_IDENTITY[sdk=iphoneos*]" = "iPhone Developer";
				FRAMEWORK_SEARCH_PATHS = (
					"$(inherited)",
					"$(PROJECT_DIR)/Buddify",
				);
				INFOPLIST_FILE = Buddify/Info.plist;
				LD_RUNPATH_SEARCH_PATHS = "$(inherited) @executable_path/Frameworks";
				PRODUCT_BUNDLE_IDENTIFIER = CR.Buddify;
				PRODUCT_NAME = "$(TARGET_NAME)";
				PROVISIONING_PROFILE = "";
			};
			name = Debug;
		};
		C4A90A411C8230F500D2C9C0 /* Release */ = {
			isa = XCBuildConfiguration;
			buildSettings = {
				ASSETCATALOG_COMPILER_APPICON_NAME = AppIcon;
				CODE_SIGN_IDENTITY = "iPhone Developer";
				"CODE_SIGN_IDENTITY[sdk=iphoneos*]" = "iPhone Developer";
				FRAMEWORK_SEARCH_PATHS = (
					"$(inherited)",
					"$(PROJECT_DIR)/Buddify",
				);
				INFOPLIST_FILE = Buddify/Info.plist;
				LD_RUNPATH_SEARCH_PATHS = "$(inherited) @executable_path/Frameworks";
				PRODUCT_BUNDLE_IDENTIFIER = CR.Buddify;
				PRODUCT_NAME = "$(TARGET_NAME)";
				PROVISIONING_PROFILE = "";
			};
			name = Release;
		};
		C4A90A431C8230F500D2C9C0 /* Debug */ = {
			isa = XCBuildConfiguration;
			buildSettings = {
				BUNDLE_LOADER = "$(TEST_HOST)";
				INFOPLIST_FILE = BuddifyTests/Info.plist;
				LD_RUNPATH_SEARCH_PATHS = "$(inherited) @executable_path/Frameworks @loader_path/Frameworks";
				PRODUCT_BUNDLE_IDENTIFIER = CR.BuddifyTests;
				PRODUCT_NAME = "$(TARGET_NAME)";
				TEST_HOST = "$(BUILT_PRODUCTS_DIR)/Buddify.app/Buddify";
			};
			name = Debug;
		};
		C4A90A441C8230F500D2C9C0 /* Release */ = {
			isa = XCBuildConfiguration;
			buildSettings = {
				BUNDLE_LOADER = "$(TEST_HOST)";
				INFOPLIST_FILE = BuddifyTests/Info.plist;
				LD_RUNPATH_SEARCH_PATHS = "$(inherited) @executable_path/Frameworks @loader_path/Frameworks";
				PRODUCT_BUNDLE_IDENTIFIER = CR.BuddifyTests;
				PRODUCT_NAME = "$(TARGET_NAME)";
				TEST_HOST = "$(BUILT_PRODUCTS_DIR)/Buddify.app/Buddify";
			};
			name = Release;
		};
		C4A90A461C8230F500D2C9C0 /* Debug */ = {
			isa = XCBuildConfiguration;
			buildSettings = {
				INFOPLIST_FILE = BuddifyUITests/Info.plist;
				LD_RUNPATH_SEARCH_PATHS = "$(inherited) @executable_path/Frameworks @loader_path/Frameworks";
				PRODUCT_BUNDLE_IDENTIFIER = CR.BuddifyUITests;
				PRODUCT_NAME = "$(TARGET_NAME)";
				TEST_TARGET_NAME = Buddify;
				USES_XCTRUNNER = YES;
			};
			name = Debug;
		};
		C4A90A471C8230F500D2C9C0 /* Release */ = {
			isa = XCBuildConfiguration;
			buildSettings = {
				INFOPLIST_FILE = BuddifyUITests/Info.plist;
				LD_RUNPATH_SEARCH_PATHS = "$(inherited) @executable_path/Frameworks @loader_path/Frameworks";
				PRODUCT_BUNDLE_IDENTIFIER = CR.BuddifyUITests;
				PRODUCT_NAME = "$(TARGET_NAME)";
				TEST_TARGET_NAME = Buddify;
				USES_XCTRUNNER = YES;
			};
			name = Release;
		};
/* End XCBuildConfiguration section */

/* Begin XCConfigurationList section */
		C4A90A101C8230F400D2C9C0 /* Build configuration list for PBXProject "Buddify" */ = {
			isa = XCConfigurationList;
			buildConfigurations = (
				C4A90A3D1C8230F500D2C9C0 /* Debug */,
				C4A90A3E1C8230F500D2C9C0 /* Release */,
			);
			defaultConfigurationIsVisible = 0;
			defaultConfigurationName = Release;
		};
		C4A90A3F1C8230F500D2C9C0 /* Build configuration list for PBXNativeTarget "Buddify" */ = {
			isa = XCConfigurationList;
			buildConfigurations = (
				C4A90A401C8230F500D2C9C0 /* Debug */,
				C4A90A411C8230F500D2C9C0 /* Release */,
			);
			defaultConfigurationIsVisible = 0;
			defaultConfigurationName = Release;
		};
		C4A90A421C8230F500D2C9C0 /* Build configuration list for PBXNativeTarget "BuddifyTests" */ = {
			isa = XCConfigurationList;
			buildConfigurations = (
				C4A90A431C8230F500D2C9C0 /* Debug */,
				C4A90A441C8230F500D2C9C0 /* Release */,
			);
			defaultConfigurationIsVisible = 0;
			defaultConfigurationName = Release;
		};
		C4A90A451C8230F500D2C9C0 /* Build configuration list for PBXNativeTarget "BuddifyUITests" */ = {
			isa = XCConfigurationList;
			buildConfigurations = (
				C4A90A461C8230F500D2C9C0 /* Debug */,
				C4A90A471C8230F500D2C9C0 /* Release */,
			);
			defaultConfigurationIsVisible = 0;
			defaultConfigurationName = Release;
		};
/* End XCConfigurationList section */
	};
	rootObject = C4A90A0D1C8230F400D2C9C0 /* Project object */;
}
